# THIS IS AN AUTOGENERATED FILE. DO NOT EDIT THIS FILE DIRECTLY.
# yarn lockfile v1


babylon@^6.15.0:
  version "6.18.0"
  resolved "https://registry.yarnpkg.com/babylon/-/babylon-6.18.0.tgz#af2f3b88fa6f5c1e4c634d1a0f8eac4f55b395e3"
  integrity sha512-q/UEjfGJ2Cm3oKV71DJz9d25TPnq5rhBVL2Q4fA5wcC3jcrdn7+SssEybFIxwAvvP+YCsCYNKughoF33GxgycQ==

flow-remove-types@^1.2.3:
  version "1.2.3"
  resolved "https://registry.yarnpkg.com/flow-remove-types/-/flow-remove-types-1.2.3.tgz#6131aefc7da43364bb8b479758c9dec7735d1a18"
  integrity sha512-ypq/U3V+t9atYiOuSJd40tekCra03EHKoRsiK/wXGrsZimuum0kdwVY7Yv0HTaoXgHW1WiayomYd+Q3kkvPl9Q==
  dependencies:
    babylon "^6.15.0"
    vlq "^0.2.1"

vlq@^0.2.1:
  version "0.2.3"
  resolved "https://registry.yarnpkg.com/vlq/-/vlq-0.2.3.tgz#8f3e4328cf63b1540c0d67e1b2778386f8975b26"
  integrity sha512-DRibZL6DsNhIgYQ+wNdWDL2SL3bKPlVrRiBqV5yuMm++op8W4kGFtaQfCs4KEJn0wBZcHVHJ3eoywX8983k1ow==
